
Microsoft Visual Studio Solution File, Format Version 12.00
# Visual Studio 15
VisualStudioVersion = 15.0.26124.0
MinimumVisualStudioVersion = 15.0.26124.0
Project("{2150E333-8FDC-42A3-9474-1A3956D46DE8}") = "src", "src", "{EB25F6B5-CDB4-4F1C-AF9D-D0CBB5C66619}"
EndProject
Project("{FAE04EC0-301F-11D3-BF4B-00C04F79EFBC}") = "GradeBook", "src\GradeBook\GradeBook.csproj", "{39DD586C-20AF-4627-AFC7-5D6A20242ED9}"
EndProject
Project("{2150E333-8FDC-42A3-9474-1A3956D46DE8}") = "test", "test", "{82DFBEED-6959-4880-99FA-A09AF523CB94}"
EndProject
Project("{FAE04EC0-301F-11D3-BF4B-00C04F79EFBC}") = "GradeBook.Tests", "test\GradeBook.Tests\GradeBook.Tests.csproj", "{C7D6F63A-35FE-4809-9057-9BA57E7084D2}"
EndProject
Global
	GlobalSection(SolutionConfigurationPlatforms) = preSolution
		Debug|Any CPU = Debug|Any CPU
		Debug|x64 = Debug|x64
		Debug|x86 = Debug|x86
		Release|Any CPU = Release|Any CPU
		Release|x64 = Release|x64
		Release|x86 = Release|x86
	EndGlobalSection
	GlobalSection(SolutionProperties) = preSolution
		HideSolutionNode = FALSE
	EndGlobalSection
	GlobalSection(ProjectConfigurationPlatforms) = postSolution
		{39DD586C-20AF-4627-AFC7-5D6A20242ED9}.Debug|Any CPU.ActiveCfg = Debug|Any CPU
		{39DD586C-20AF-4627-AFC7-5D6A20242ED9}.Debug|Any CPU.Build.0 = Debug|Any CPU
		{39DD586C-20AF-4627-AFC7-5D6A20242ED9}.Debug|x64.ActiveCfg = Debug|Any CPU
		{39DD586C-20AF-4627-AFC7-5D6A20242ED9}.Debug|x64.Build.0 = Debug|Any CPU
		{39DD586C-20AF-4627-AFC7-5D6A20242ED9}.Debug|x86.ActiveCfg = Debug|Any CPU
		{39DD586C-20AF-4627-AFC7-5D6A20242ED9}.Debug|x86.Build.0 = Debug|Any CPU
		{39DD586C-20AF-4627-AFC7-5D6A20242ED9}.Release|Any CPU.ActiveCfg = Release|Any CPU
		{39DD586C-20AF-4627-AFC7-5D6A20242ED9}.Release|Any CPU.Build.0 = Release|Any CPU
		{39DD586C-20AF-4627-AFC7-5D6A20242ED9}.Release|x64.ActiveCfg = Release|Any CPU
		{39DD586C-20AF-4627-AFC7-5D6A20242ED9}.Release|x64.Build.0 = Release|Any CPU
		{39DD586C-20AF-4627-AFC7-5D6A20242ED9}.Release|x86.ActiveCfg = Release|Any CPU
		{39DD586C-20AF-4627-AFC7-5D6A20242ED9}.Release|x86.Build.0 = Release|Any CPU
		{C7D6F63A-35FE-4809-9057-9BA57E7084D2}.Debug|Any CPU.ActiveCfg = Debug|Any CPU
		{C7D6F63A-35FE-4809-9057-9BA57E7084D2}.Debug|Any CPU.Build.0 = Debug|Any CPU
		{C7D6F63A-35FE-4809-9057-9BA57E7084D2}.Debug|x64.ActiveCfg = Debug|Any CPU
		{C7D6F63A-35FE-4809-9057-9BA57E7084D2}.Debug|x64.Build.0 = Debug|Any CPU
		{C7D6F63A-35FE-4809-9057-9BA57E7084D2}.Debug|x86.ActiveCfg = Debug|Any CPU
		{C7D6F63A-35FE-4809-9057-9BA57E7084D2}.Debug|x86.Build.0 = Debug|Any CPU
		{C7D6F63A-35FE-4809-9057-9BA57E7084D2}.Release|Any CPU.ActiveCfg = Release|Any CPU
		{C7D6F63A-35FE-4809-9057-9BA57E7084D2}.Release|Any CPU.Build.0 = Release|Any CPU
		{C7D6F63A-35FE-4809-9057-9BA57E7084D2}.Release|x64.ActiveCfg = Release|Any CPU
		{C7D6F63A-35FE-4809-9057-9BA57E7084D2}.Release|x64.Build.0 = Release|Any CPU
		{C7D6F63A-35FE-4809-9057-9BA57E7084D2}.Release|x86.ActiveCfg = Release|Any CPU
		{C7D6F63A-35FE-4809-9057-9BA57E7084D2}.Release|x86.Build.0 = Release|Any CPU
	EndGlobalSection
	GlobalSection(NestedProjects) = preSolution
		{39DD586C-20AF-4627-AFC7-5D6A20242ED9} = {EB25F6B5-CDB4-4F1C-AF9D-D0CBB5C66619}
		{C7D6F63A-35FE-4809-9057-9BA57E7084D2} = {82DFBEED-6959-4880-99FA-A09AF523CB94}
	EndGlobalSection
EndGlobal
